
Microsoft Visual Studio Solution File, Format Version 12.00
# Visual Studio 14
VisualStudioVersion = 14.0.25420.1
MinimumVisualStudioVersion = 10.0.40219.1
Project("{FAE04EC0-301F-11D3-BF4B-00C04F79EFBC}") = "YZXDMS", "YZXDMS\YZXDMS.csproj", "{5B33CC59-8A77-437F-8DDC-CEFAB6581CC8}"
EndProject
Project("{FAE04EC0-301F-11D3-BF4B-00C04F79EFBC}") = "ConsoleApplication1", "ConsoleApplication1\ConsoleApplication1.csproj", "{8DBF2621-C4DD-4561-A56C-DB372501AB0A}"
EndProject
Project("{FAE04EC0-301F-11D3-BF4B-00C04F79EFBC}") = "ConsoleApplication2", "ConsoleApplication2\ConsoleApplication2.csproj", "{A906F07D-1034-4940-8969-E067515CB33C}"
EndProject
Project("{FAE04EC0-301F-11D3-BF4B-00C04F79EFBC}") = "YZXDMS.Report", "YZXDMS.Report\YZXDMS.Report.csproj", "{A4BF8B4C-53B3-470E-AE7C-B9AC13EDEC2F}"
EndProject
Project("{FAE04EC0-301F-11D3-BF4B-00C04F79EFBC}") = "YZXDMS.Setting", "YZXDMS.Setting\YZXDMS.Setting.csproj", "{2D5512A5-0EC4-4AEE-BA69-8D3F21D4A0D4}"
EndProject
Project("{FAE04EC0-301F-11D3-BF4B-00C04F79EFBC}") = "YZXDMS.Model", "YZXDMS.Model\YZXDMS.Model.csproj", "{A2523499-4DD2-46EB-8925-F5C8A0F4BE33}"
EndProject
Global
	GlobalSection(SolutionConfigurationPlatforms) = preSolution
		Debug|Any CPU = Debug|Any CPU
		Release|Any CPU = Release|Any CPU
	EndGlobalSection
	GlobalSection(ProjectConfigurationPlatforms) = postSolution
		{5B33CC59-8A77-437F-8DDC-CEFAB6581CC8}.Debug|Any CPU.ActiveCfg = Debug|Any CPU
		{5B33CC59-8A77-437F-8DDC-CEFAB6581CC8}.Debug|Any CPU.Build.0 = Debug|Any CPU
		{5B33CC59-8A77-437F-8DDC-CEFAB6581CC8}.Release|Any CPU.ActiveCfg = Release|Any CPU
		{5B33CC59-8A77-437F-8DDC-CEFAB6581CC8}.Release|Any CPU.Build.0 = Release|Any CPU
		{8DBF2621-C4DD-4561-A56C-DB372501AB0A}.Debug|Any CPU.ActiveCfg = Debug|Any CPU
		{8DBF2621-C4DD-4561-A56C-DB372501AB0A}.Debug|Any CPU.Build.0 = Debug|Any CPU
		{8DBF2621-C4DD-4561-A56C-DB372501AB0A}.Release|Any CPU.ActiveCfg = Release|Any CPU
		{8DBF2621-C4DD-4561-A56C-DB372501AB0A}.Release|Any CPU.Build.0 = Release|Any CPU
		{A906F07D-1034-4940-8969-E067515CB33C}.Debug|Any CPU.ActiveCfg = Debug|Any CPU
		{A906F07D-1034-4940-8969-E067515CB33C}.Debug|Any CPU.Build.0 = Debug|Any CPU
		{A906F07D-1034-4940-8969-E067515CB33C}.Release|Any CPU.ActiveCfg = Release|Any CPU
		{A906F07D-1034-4940-8969-E067515CB33C}.Release|Any CPU.Build.0 = Release|Any CPU
		{A4BF8B4C-53B3-470E-AE7C-B9AC13EDEC2F}.Debug|Any CPU.ActiveCfg = Debug|Any CPU
		{A4BF8B4C-53B3-470E-AE7C-B9AC13EDEC2F}.Debug|Any CPU.Build.0 = Debug|Any CPU
		{A4BF8B4C-53B3-470E-AE7C-B9AC13EDEC2F}.Release|Any CPU.ActiveCfg = Release|Any CPU
		{A4BF8B4C-53B3-470E-AE7C-B9AC13EDEC2F}.Release|Any CPU.Build.0 = Release|Any CPU
		{2D5512A5-0EC4-4AEE-BA69-8D3F21D4A0D4}.Debug|Any CPU.ActiveCfg = Debug|Any CPU
		{2D5512A5-0EC4-4AEE-BA69-8D3F21D4A0D4}.Debug|Any CPU.Build.0 = Debug|Any CPU
		{2D5512A5-0EC4-4AEE-BA69-8D3F21D4A0D4}.Release|Any CPU.ActiveCfg = Release|Any CPU
		{2D5512A5-0EC4-4AEE-BA69-8D3F21D4A0D4}.Release|Any CPU.Build.0 = Release|Any CPU
		{A2523499-4DD2-46EB-8925-F5C8A0F4BE33}.Debug|Any CPU.ActiveCfg = Debug|Any CPU
		{A2523499-4DD2-46EB-8925-F5C8A0F4BE33}.Debug|Any CPU.Build.0 = Debug|Any CPU
		{A2523499-4DD2-46EB-8925-F5C8A0F4BE33}.Release|Any CPU.ActiveCfg = Release|Any CPU
		{A2523499-4DD2-46EB-8925-F5C8A0F4BE33}.Release|Any CPU.Build.0 = Release|Any CPU
	EndGlobalSection
	GlobalSection(SolutionProperties) = preSolution
		HideSolutionNode = FALSE
	EndGlobalSection
EndGlobal
